// !$*UTF8*$!
{
	archiveVersion = 1;
	classes = {
	};
	objectVersion = 48;
	objects = {

/* Begin PBXBuildFile section */
		C6A1137820C0763A00D2F7EE /* ViewControllerMaps.swift in Sources */ = {isa = PBXBuildFile; fileRef = C6A1137720C0763A00D2F7EE /* ViewControllerMaps.swift */; };
		C6C5AF6F20AD7E7B00FF72F6 /* AppDelegate.swift in Sources */ = {isa = PBXBuildFile; fileRef = C6C5AF6E20AD7E7B00FF72F6 /* AppDelegate.swift */; };
		C6C5AF7120AD7E7B00FF72F6 /* ViewController.swift in Sources */ = {isa = PBXBuildFile; fileRef = C6C5AF7020AD7E7B00FF72F6 /* ViewController.swift */; };
		C6C5AF7420AD7E7B00FF72F6 /* Main.storyboard in Resources */ = {isa = PBXBuildFile; fileRef = C6C5AF7220AD7E7B00FF72F6 /* Main.storyboard */; };
		C6C5AF7720AD7E7B00FF72F6 /* Ines_Vermeir_S2IT_werkstuk1.xcdatamodeld in Sources */ = {isa = PBXBuildFile; fileRef = C6C5AF7520AD7E7B00FF72F6 /* Ines_Vermeir_S2IT_werkstuk1.xcdatamodeld */; };
		C6C5AF7920AD7E7B00FF72F6 /* Assets.xcassets in Resources */ = {isa = PBXBuildFile; fileRef = C6C5AF7820AD7E7B00FF72F6 /* Assets.xcassets */; };
		C6C5AF7C20AD7E7B00FF72F6 /* LaunchScreen.storyboard in Resources */ = {isa = PBXBuildFile; fileRef = C6C5AF7A20AD7E7B00FF72F6 /* LaunchScreen.storyboard */; };
		C6C5AF8720AD7E7B00FF72F6 /* Ines_Vermeir_S2IT_werkstuk1Tests.swift in Sources */ = {isa = PBXBuildFile; fileRef = C6C5AF8620AD7E7B00FF72F6 /* Ines_Vermeir_S2IT_werkstuk1Tests.swift */; };
		C6C5AF9220AD7E7B00FF72F6 /* Ines_Vermeir_S2IT_werkstuk1UITests.swift in Sources */ = {isa = PBXBuildFile; fileRef = C6C5AF9120AD7E7B00FF72F6 /* Ines_Vermeir_S2IT_werkstuk1UITests.swift */; };
		C6C5AFA020AD864B00FF72F6 /* TableViewController.swift in Sources */ = {isa = PBXBuildFile; fileRef = C6C5AF9F20AD864B00FF72F6 /* TableViewController.swift */; };
		C6C5AFA220AD878100FF72F6 /* Persoon.swift in Sources */ = {isa = PBXBuildFile; fileRef = C6C5AFA120AD878100FF72F6 /* Persoon.swift */; };
		C6C5AFA420AD884000FF72F6 /* Adres.swift in Sources */ = {isa = PBXBuildFile; fileRef = C6C5AFA320AD884000FF72F6 /* Adres.swift */; };
		C6E71DEA20B6B55100E3FB14 /* MapKit.framework in Frameworks */ = {isa = PBXBuildFile; fileRef = C6E71DE920B6B55100E3FB14 /* MapKit.framework */; };
		C6EA933020BFFB7700C16160 /* ViewControllerImg.swift in Sources */ = {isa = PBXBuildFile; fileRef = C6EA932F20BFFB7700C16160 /* ViewControllerImg.swift */; };
/* End PBXBuildFile section */

/* Begin PBXContainerItemProxy section */
		C6C5AF8320AD7E7B00FF72F6 /* PBXContainerItemProxy */ = {
			isa = PBXContainerItemProxy;
			containerPortal = C6C5AF6320AD7E7B00FF72F6 /* Project object */;
			proxyType = 1;
			remoteGlobalIDString = C6C5AF6A20AD7E7B00FF72F6;
			remoteInfo = Ines_Vermeir_S2IT_werkstuk1;
		};
		C6C5AF8E20AD7E7B00FF72F6 /* PBXContainerItemProxy */ = {
			isa = PBXContainerItemProxy;
			containerPortal = C6C5AF6320AD7E7B00FF72F6 /* Project object */;
			proxyType = 1;
			remoteGlobalIDString = C6C5AF6A20AD7E7B00FF72F6;
			remoteInfo = Ines_Vermeir_S2IT_werkstuk1;
		};
/* End PBXContainerItemProxy section */

/* Begin PBXFileReference section */
		C6A1137720C0763A00D2F7EE /* ViewControllerMaps.swift */ = {isa = PBXFileReference; lastKnownFileType = sourcecode.swift; path = ViewControllerMaps.swift; sourceTree = "<group>"; };
		C6C5AF6B20AD7E7B00FF72F6 /* Ines_Vermeir_S2IT_werkstuk1.app */ = {isa = PBXFileReference; explicitFileType = wrapper.application; includeInIndex = 0; path = Ines_Vermeir_S2IT_werkstuk1.app; sourceTree = BUILT_PRODUCTS_DIR; };
		C6C5AF6E20AD7E7B00FF72F6 /* AppDelegate.swift */ = {isa = PBXFileReference; lastKnownFileType = sourcecode.swift; path = AppDelegate.swift; sourceTree = "<group>"; };
		C6C5AF7020AD7E7B00FF72F6 /* ViewController.swift */ = {isa = PBXFileReference; lastKnownFileType = sourcecode.swift; path = ViewController.swift; sourceTree = "<group>"; };
		C6C5AF7320AD7E7B00FF72F6 /* Base */ = {isa = PBXFileReference; lastKnownFileType = file.storyboard; name = Base; path = Base.lproj/Main.storyboard; sourceTree = "<group>"; };
		C6C5AF7620AD7E7B00FF72F6 /* Ines_Vermeir_S2IT_werkstuk1.xcdatamodel */ = {isa = PBXFileReference; lastKnownFileType = wrapper.xcdatamodel; path = Ines_Vermeir_S2IT_werkstuk1.xcdatamodel; sourceTree = "<group>"; };
		C6C5AF7820AD7E7B00FF72F6 /* Assets.xcassets */ = {isa = PBXFileReference; lastKnownFileType = folder.assetcatalog; path = Assets.xcassets; sourceTree = "<group>"; };
		C6C5AF7B20AD7E7B00FF72F6 /* Base */ = {isa = PBXFileReference; lastKnownFileType = file.storyboard; name = Base; path = Base.lproj/LaunchScreen.storyboard; sourceTree = "<group>"; };
		C6C5AF7D20AD7E7B00FF72F6 /* Info.plist */ = {isa = PBXFileReference; lastKnownFileType = text.plist.xml; path = Info.plist; sourceTree = "<group>"; };
		C6C5AF8220AD7E7B00FF72F6 /* Ines_Vermeir_S2IT_werkstuk1Tests.xctest */ = {isa = PBXFileReference; explicitFileType = wrapper.cfbundle; includeInIndex = 0; path = Ines_Vermeir_S2IT_werkstuk1Tests.xctest; sourceTree = BUILT_PRODUCTS_DIR; };
		C6C5AF8620AD7E7B00FF72F6 /* Ines_Vermeir_S2IT_werkstuk1Tests.swift */ = {isa = PBXFileReference; lastKnownFileType = sourcecode.swift; path = Ines_Vermeir_S2IT_werkstuk1Tests.swift; sourceTree = "<group>"; };
		C6C5AF8820AD7E7B00FF72F6 /* Info.plist */ = {isa = PBXFileReference; lastKnownFileType = text.plist.xml; path = Info.plist; sourceTree = "<group>"; };
		C6C5AF8D20AD7E7B00FF72F6 /* Ines_Vermeir_S2IT_werkstuk1UITests.xctest */ = {isa = PBXFileReference; explicitFileType = wrapper.cfbundle; includeInIndex = 0; path = Ines_Vermeir_S2IT_werkstuk1UITests.xctest; sourceTree = BUILT_PRODUCTS_DIR; };
		C6C5AF9120AD7E7B00FF72F6 /* Ines_Vermeir_S2IT_werkstuk1UITests.swift */ = {isa = PBXFileReference; lastKnownFileType = sourcecode.swift; path = Ines_Vermeir_S2IT_werkstuk1UITests.swift; sourceTree = "<group>"; };
		C6C5AF9320AD7E7B00FF72F6 /* Info.plist */ = {isa = PBXFileReference; lastKnownFileType = text.plist.xml; path = Info.plist; sourceTree = "<group>"; };
		C6C5AF9F20AD864B00FF72F6 /* TableViewController.swift */ = {isa = PBXFileReference; lastKnownFileType = sourcecode.swift; path = TableViewController.swift; sourceTree = "<group>"; };
		C6C5AFA120AD878100FF72F6 /* Persoon.swift */ = {isa = PBXFileReference; lastKnownFileType = sourcecode.swift; path = Persoon.swift; sourceTree = "<group>"; };
		C6C5AFA320AD884000FF72F6 /* Adres.swift */ = {isa = PBXFileReference; lastKnownFileType = sourcecode.swift; path = Adres.swift; sourceTree = "<group>"; };
		C6E71DE920B6B55100E3FB14 /* MapKit.framework */ = {isa = PBXFileReference; lastKnownFileType = wrapper.framework; name = MapKit.framework; path = System/Library/Frameworks/MapKit.framework; sourceTree = SDKROOT; };
		C6EA932F20BFFB7700C16160 /* ViewControllerImg.swift */ = {isa = PBXFileReference; lastKnownFileType = sourcecode.swift; path = ViewControllerImg.swift; sourceTree = "<group>"; };
/* End PBXFileReference section */

/* Begin PBXFrameworksBuildPhase section */
		C6C5AF6820AD7E7B00FF72F6 /* Frameworks */ = {
			isa = PBXFrameworksBuildPhase;
			buildActionMask = 2147483647;
			files = (
				C6E71DEA20B6B55100E3FB14 /* MapKit.framework in Frameworks */,
			);
			runOnlyForDeploymentPostprocessing = 0;
		};
		C6C5AF7F20AD7E7B00FF72F6 /* Frameworks */ = {
			isa = PBXFrameworksBuildPhase;
			buildActionMask = 2147483647;
			files = (
			);
			runOnlyForDeploymentPostprocessing = 0;
		};
		C6C5AF8A20AD7E7B00FF72F6 /* Frameworks */ = {
			isa = PBXFrameworksBuildPhase;
			buildActionMask = 2147483647;
			files = (
			);
			runOnlyForDeploymentPostprocessing = 0;
		};
/* End PBXFrameworksBuildPhase section */

/* Begin PBXGroup section */
		C6C5AF6220AD7E7B00FF72F6 = {
			isa = PBXGroup;
			children = (
				C6C5AF6D20AD7E7B00FF72F6 /* Ines_Vermeir_S2IT_werkstuk1 */,
				C6C5AF8520AD7E7B00FF72F6 /* Ines_Vermeir_S2IT_werkstuk1Tests */,
				C6C5AF9020AD7E7B00FF72F6 /* Ines_Vermeir_S2IT_werkstuk1UITests */,
				C6C5AF6C20AD7E7B00FF72F6 /* Products */,
				C6E71DE820B6B55100E3FB14 /* Frameworks */,
			);
			sourceTree = "<group>";
		};
		C6C5AF6C20AD7E7B00FF72F6 /* Products */ = {
			isa = PBXGroup;
			children = (
				C6C5AF6B20AD7E7B00FF72F6 /* Ines_Vermeir_S2IT_werkstuk1.app */,
				C6C5AF8220AD7E7B00FF72F6 /* Ines_Vermeir_S2IT_werkstuk1Tests.xctest */,
				C6C5AF8D20AD7E7B00FF72F6 /* Ines_Vermeir_S2IT_werkstuk1UITests.xctest */,
			);
			name = Products;
			sourceTree = "<group>";
		};
		C6C5AF6D20AD7E7B00FF72F6 /* Ines_Vermeir_S2IT_werkstuk1 */ = {
			isa = PBXGroup;
			children = (
				C6C5AF6E20AD7E7B00FF72F6 /* AppDelegate.swift */,
				C6C5AF7020AD7E7B00FF72F6 /* ViewController.swift */,
				C6C5AF7220AD7E7B00FF72F6 /* Main.storyboard */,
				C6A1137720C0763A00D2F7EE /* ViewControllerMaps.swift */,
				C6EA932F20BFFB7700C16160 /* ViewControllerImg.swift */,
				C6C5AF9F20AD864B00FF72F6 /* TableViewController.swift */,
				C6C5AFA120AD878100FF72F6 /* Persoon.swift */,
				C6C5AFA320AD884000FF72F6 /* Adres.swift */,
				C6C5AF7820AD7E7B00FF72F6 /* Assets.xcassets */,
				C6C5AF7A20AD7E7B00FF72F6 /* LaunchScreen.storyboard */,
				C6C5AF7D20AD7E7B00FF72F6 /* Info.plist */,
				C6C5AF7520AD7E7B00FF72F6 /* Ines_Vermeir_S2IT_werkstuk1.xcdatamodeld */,
			);
			path = Ines_Vermeir_S2IT_werkstuk1;
			sourceTree = "<group>";
		};
		C6C5AF8520AD7E7B00FF72F6 /* Ines_Vermeir_S2IT_werkstuk1Tests */ = {
			isa = PBXGroup;
			children = (
				C6C5AF8620AD7E7B00FF72F6 /* Ines_Vermeir_S2IT_werkstuk1Tests.swift */,
				C6C5AF8820AD7E7B00FF72F6 /* Info.plist */,
			);
			path = Ines_Vermeir_S2IT_werkstuk1Tests;
			sourceTree = "<group>";
		};
		C6C5AF9020AD7E7B00FF72F6 /* Ines_Vermeir_S2IT_werkstuk1UITests */ = {
			isa = PBXGroup;
			children = (
				C6C5AF9120AD7E7B00FF72F6 /* Ines_Vermeir_S2IT_werkstuk1UITests.swift */,
				C6C5AF9320AD7E7B00FF72F6 /* Info.plist */,
			);
			path = Ines_Vermeir_S2IT_werkstuk1UITests;
			sourceTree = "<group>";
		};
		C6E71DE820B6B55100E3FB14 /* Frameworks */ = {
			isa = PBXGroup;
			children = (
				C6E71DE920B6B55100E3FB14 /* MapKit.framework */,
			);
			name = Frameworks;
			sourceTree = "<group>";
		};
/* End PBXGroup section */

/* Begin PBXNativeTarget section */
		C6C5AF6A20AD7E7B00FF72F6 /* Ines_Vermeir_S2IT_werkstuk1 */ = {
			isa = PBXNativeTarget;
			buildConfigurationList = C6C5AF9620AD7E7B00FF72F6 /* Build configuration list for PBXNativeTarget "Ines_Vermeir_S2IT_werkstuk1" */;
			buildPhases = (
				C6C5AF6720AD7E7B00FF72F6 /* Sources */,
				C6C5AF6820AD7E7B00FF72F6 /* Frameworks */,
				C6C5AF6920AD7E7B00FF72F6 /* Resources */,
			);
			buildRules = (
			);
			dependencies = (
			);
			name = Ines_Vermeir_S2IT_werkstuk1;
			productName = Ines_Vermeir_S2IT_werkstuk1;
			productReference = C6C5AF6B20AD7E7B00FF72F6 /* Ines_Vermeir_S2IT_werkstuk1.app */;
			productType = "com.apple.product-type.application";
		};
		C6C5AF8120AD7E7B00FF72F6 /* Ines_Vermeir_S2IT_werkstuk1Tests */ = {
			isa = PBXNativeTarget;
			buildConfigurationList = C6C5AF9920AD7E7B00FF72F6 /* Build configuration list for PBXNativeTarget "Ines_Vermeir_S2IT_werkstuk1Tests" */;
			buildPhases = (
				C6C5AF7E20AD7E7B00FF72F6 /* Sources */,
				C6C5AF7F20AD7E7B00FF72F6 /* Frameworks */,
				C6C5AF8020AD7E7B00FF72F6 /* Resources */,
			);
			buildRules = (
			);
			dependencies = (
				C6C5AF8420AD7E7B00FF72F6 /* PBXTargetDependency */,
			);
			name = Ines_Vermeir_S2IT_werkstuk1Tests;
			productName = Ines_Vermeir_S2IT_werkstuk1Tests;
			productReference = C6C5AF8220AD7E7B00FF72F6 /* Ines_Vermeir_S2IT_werkstuk1Tests.xctest */;
			productType = "com.apple.product-type.bundle.unit-test";
		};
		C6C5AF8C20AD7E7B00FF72F6 /* Ines_Vermeir_S2IT_werkstuk1UITests */ = {
			isa = PBXNativeTarget;
			buildConfigurationList = C6C5AF9C20AD7E7B00FF72F6 /* Build configuration list for PBXNativeTarget "Ines_Vermeir_S2IT_werkstuk1UITests" */;
			buildPhases = (
				C6C5AF8920AD7E7B00FF72F6 /* Sources */,
				C6C5AF8A20AD7E7B00FF72F6 /* Frameworks */,
				C6C5AF8B20AD7E7B00FF72F6 /* Resources */,
			);
			buildRules = (
			);
			dependencies = (
				C6C5AF8F20AD7E7B00FF72F6 /* PBXTargetDependency */,
			);
			name = Ines_Vermeir_S2IT_werkstuk1UITests;
			productName = Ines_Vermeir_S2IT_werkstuk1UITests;
			productReference = C6C5AF8D20AD7E7B00FF72F6 /* Ines_Vermeir_S2IT_werkstuk1UITests.xctest */;
			productType = "com.apple.product-type.bundle.ui-testing";
		};
/* End PBXNativeTarget section */

/* Begin PBXProject section */
		C6C5AF6320AD7E7B00FF72F6 /* Project object */ = {
			isa = PBXProject;
			attributes = {
				LastSwiftUpdateCheck = 0920;
				LastUpgradeCheck = 0920;
				ORGANIZATIONNAME = "VERMEIR Inès (s)";
				TargetAttributes = {
					C6C5AF6A20AD7E7B00FF72F6 = {
						CreatedOnToolsVersion = 9.2;
						ProvisioningStyle = Automatic;
						SystemCapabilities = {
							com.apple.Maps.iOS = {
								enabled = 1;
							};
						};
					};
					C6C5AF8120AD7E7B00FF72F6 = {
						CreatedOnToolsVersion = 9.2;
						ProvisioningStyle = Automatic;
						TestTargetID = C6C5AF6A20AD7E7B00FF72F6;
					};
					C6C5AF8C20AD7E7B00FF72F6 = {
						CreatedOnToolsVersion = 9.2;
						ProvisioningStyle = Automatic;
						TestTargetID = C6C5AF6A20AD7E7B00FF72F6;
					};
				};
			};
			buildConfigurationList = C6C5AF6620AD7E7B00FF72F6 /* Build configuration list for PBXProject "Ines_Vermeir_S2IT_werkstuk1" */;
			compatibilityVersion = "Xcode 8.0";
			developmentRegion = en;
			hasScannedForEncodings = 0;
			knownRegions = (
				en,
				Base,
			);
			mainGroup = C6C5AF6220AD7E7B00FF72F6;
			productRefGroup = C6C5AF6C20AD7E7B00FF72F6 /* Products */;
			projectDirPath = "";
			projectRoot = "";
			targets = (
				C6C5AF6A20AD7E7B00FF72F6 /* Ines_Vermeir_S2IT_werkstuk1 */,
				C6C5AF8120AD7E7B00FF72F6 /* Ines_Vermeir_S2IT_werkstuk1Tests */,
				C6C5AF8C20AD7E7B00FF72F6 /* Ines_Vermeir_S2IT_werkstuk1UITests */,
			);
		};
/* End PBXProject section */

/* Begin PBXResourcesBuildPhase section */
		C6C5AF6920AD7E7B00FF72F6 /* Resources */ = {
			isa = PBXResourcesBuildPhase;
			buildActionMask = 2147483647;
			files = (
				C6C5AF7C20AD7E7B00FF72F6 /* LaunchScreen.storyboard in Resources */,
				C6C5AF7920AD7E7B00FF72F6 /* Assets.xcassets in Resources */,
				C6C5AF7420AD7E7B00FF72F6 /* Main.storyboard in Resources */,
			);
			runOnlyForDeploymentPostprocessing = 0;
		};
		C6C5AF8020AD7E7B00FF72F6 /* Resources */ = {
			isa = PBXResourcesBuildPhase;
			buildActionMask = 2147483647;
			files = (
			);
			runOnlyForDeploymentPostprocessing = 0;
		};
		C6C5AF8B20AD7E7B00FF72F6 /* Resources */ = {
			isa = PBXResourcesBuildPhase;
			buildActionMask = 2147483647;
			files = (
			);
			runOnlyForDeploymentPostprocessing = 0;
		};
/* End PBXResourcesBuildPhase section */

/* Begin PBXSourcesBuildPhase section */
		C6C5AF6720AD7E7B00FF72F6 /* Sources */ = {
			isa = PBXSourcesBuildPhase;
			buildActionMask = 2147483647;
			files = (
				C6C5AF7720AD7E7B00FF72F6 /* Ines_Vermeir_S2IT_werkstuk1.xcdatamodeld in Sources */,
				C6C5AF7120AD7E7B00FF72F6 /* ViewController.swift in Sources */,
				C6C5AFA220AD878100FF72F6 /* Persoon.swift in Sources */,
				C6A1137820C0763A00D2F7EE /* ViewControllerMaps.swift in Sources */,
				C6C5AFA420AD884000FF72F6 /* Adres.swift in Sources */,
				C6C5AF6F20AD7E7B00FF72F6 /* AppDelegate.swift in Sources */,
				C6C5AFA020AD864B00FF72F6 /* TableViewController.swift in Sources */,
				C6EA933020BFFB7700C16160 /* ViewControllerImg.swift in Sources */,
			);
			runOnlyForDeploymentPostprocessing = 0;
		};
		C6C5AF7E20AD7E7B00FF72F6 /* Sources */ = {
			isa = PBXSourcesBuildPhase;
			buildActionMask = 2147483647;
			files = (
				C6C5AF8720AD7E7B00FF72F6 /* Ines_Vermeir_S2IT_werkstuk1Tests.swift in Sources */,
			);
			runOnlyForDeploymentPostprocessing = 0;
		};
		C6C5AF8920AD7E7B00FF72F6 /* Sources */ = {
			isa = PBXSourcesBuildPhase;
			buildActionMask = 2147483647;
			files = (
				C6C5AF9220AD7E7B00FF72F6 /* Ines_Vermeir_S2IT_werkstuk1UITests.swift in Sources */,
			);
			runOnlyForDeploymentPostprocessing = 0;
		};
/* End PBXSourcesBuildPhase section */

/* Begin PBXTargetDependency section */
		C6C5AF8420AD7E7B00FF72F6 /* PBXTargetDependency */ = {
			isa = PBXTargetDependency;
			target = C6C5AF6A20AD7E7B00FF72F6 /* Ines_Vermeir_S2IT_werkstuk1 */;
			targetProxy = C6C5AF8320AD7E7B00FF72F6 /* PBXContainerItemProxy */;
		};
		C6C5AF8F20AD7E7B00FF72F6 /* PBXTargetDependency */ = {
			isa = PBXTargetDependency;
			target = C6C5AF6A20AD7E7B00FF72F6 /* Ines_Vermeir_S2IT_werkstuk1 */;
			targetProxy = C6C5AF8E20AD7E7B00FF72F6 /* PBXContainerItemProxy */;
		};
/* End PBXTargetDependency section */

/* Begin PBXVariantGroup section */
		C6C5AF7220AD7E7B00FF72F6 /* Main.storyboard */ = {
			isa = PBXVariantGroup;
			children = (
				C6C5AF7320AD7E7B00FF72F6 /* Base */,
			);
			name = Main.storyboard;
			sourceTree = "<group>";
		};
		C6C5AF7A20AD7E7B00FF72F6 /* LaunchScreen.storyboard */ = {
			isa = PBXVariantGroup;
			children = (
				C6C5AF7B20AD7E7B00FF72F6 /* Base */,
			);
			name = LaunchScreen.storyboard;
			sourceTree = "<group>";
		};
/* End PBXVariantGroup section */

/* Begin XCBuildConfiguration section */
		C6C5AF9420AD7E7B00FF72F6 /* Debug */ = {
			isa = XCBuildConfiguration;
			buildSettings = {
				ALWAYS_SEARCH_USER_PATHS = NO;
				CLANG_ANALYZER_NONNULL = YES;
				CLANG_ANALYZER_NUMBER_OBJECT_CONVERSION = YES_AGGRESSIVE;
				CLANG_CXX_LANGUAGE_STANDARD = "gnu++14";
				CLANG_CXX_LIBRARY = "libc++";
				CLANG_ENABLE_MODULES = YES;
				CLANG_ENABLE_OBJC_ARC = YES;
				CLANG_WARN_BLOCK_CAPTURE_AUTORELEASING = YES;
				CLANG_WARN_BOOL_CONVERSION = YES;
				CLANG_WARN_COMMA = YES;
				CLANG_WARN_CONSTANT_CONVERSION = YES;
				CLANG_WARN_DIRECT_OBJC_ISA_USAGE = YES_ERROR;
				CLANG_WARN_DOCUMENTATION_COMMENTS = YES;
				CLANG_WARN_EMPTY_BODY = YES;
				CLANG_WARN_ENUM_CONVERSION = YES;
				CLANG_WARN_INFINITE_RECURSION = YES;
				CLANG_WARN_INT_CONVERSION = YES;
				CLANG_WARN_NON_LITERAL_NULL_CONVERSION = YES;
				CLANG_WARN_OBJC_LITERAL_CONVERSION = YES;
				CLANG_WARN_OBJC_ROOT_CLASS = YES_ERROR;
				CLANG_WARN_RANGE_LOOP_ANALYSIS = YES;
				CLANG_WARN_STRICT_PROTOTYPES = YES;
				CLANG_WARN_SUSPICIOUS_MOVE = YES;
				CLANG_WARN_UNGUARDED_AVAILABILITY = YES_AGGRESSIVE;
				CLANG_WARN_UNREACHABLE_CODE = YES;
				CLANG_WARN__DUPLICATE_METHOD_MATCH = YES;
				CODE_SIGN_IDENTITY = "iPhone Developer";
				COPY_PHASE_STRIP = NO;
				DEBUG_INFORMATION_FORMAT = dwarf;
				ENABLE_STRICT_OBJC_MSGSEND = YES;
				ENABLE_TESTABILITY = YES;
				GCC_C_LANGUAGE_STANDARD = gnu11;
				GCC_DYNAMIC_NO_PIC = NO;
				GCC_NO_COMMON_BLOCKS = YES;
				GCC_OPTIMIZATION_LEVEL = 0;
				GCC_PREPROCESSOR_DEFINITIONS = (
					"DEBUG=1",
					"$(inherited)",
				);
				GCC_WARN_64_TO_32_BIT_CONVERSION = YES;
				GCC_WARN_ABOUT_RETURN_TYPE = YES_ERROR;
				GCC_WARN_UNDECLARED_SELECTOR = YES;
				GCC_WARN_UNINITIALIZED_AUTOS = YES_AGGRESSIVE;
				GCC_WARN_UNUSED_FUNCTION = YES;
				GCC_WARN_UNUSED_VARIABLE = YES;
				IPHONEOS_DEPLOYMENT_TARGET = 11.2;
				MTL_ENABLE_DEBUG_INFO = YES;
				ONLY_ACTIVE_ARCH = YES;
				SDKROOT = iphoneos;
				SWIFT_ACTIVE_COMPILATION_CONDITIONS = DEBUG;
				SWIFT_OPTIMIZATION_LEVEL = "-Onone";
			};
			name = Debug;
		};
		C6C5AF9520AD7E7B00FF72F6 /* Release */ = {
			isa = XCBuildConfiguration;
			buildSettings = {
				ALWAYS_SEARCH_USER_PATHS = NO;
				CLANG_ANALYZER_NONNULL = YES;
				CLANG_ANALYZER_NUMBER_OBJECT_CONVERSION = YES_AGGRESSIVE;
				CLANG_CXX_LANGUAGE_STANDARD = "gnu++14";
				CLANG_CXX_LIBRARY = "libc++";
				CLANG_ENABLE_MODULES = YES;
				CLANG_ENABLE_OBJC_ARC = YES;
				CLANG_WARN_BLOCK_CAPTURE_AUTORELEASING = YES;
				CLANG_WARN_BOOL_CONVERSION = YES;
				CLANG_WARN_COMMA = YES;
				CLANG_WARN_CONSTANT_CONVERSION = YES;
				CLANG_WARN_DIRECT_OBJC_ISA_USAGE = YES_ERROR;
				CLANG_WARN_DOCUMENTATION_COMMENTS = YES;
				CLANG_WARN_EMPTY_BODY = YES;
				CLANG_WARN_ENUM_CONVERSION = YES;
				CLANG_WARN_INFINITE_RECURSION = YES;
				CLANG_WARN_INT_CONVERSION = YES;
				CLANG_WARN_NON_LITERAL_NULL_CONVERSION = YES;
				CLANG_WARN_OBJC_LITERAL_CONVERSION = YES;
				CLANG_WARN_OBJC_ROOT_CLASS = YES_ERROR;
				CLANG_WARN_RANGE_LOOP_ANALYSIS = YES;
				CLANG_WARN_STRICT_PROTOTYPES = YES;
				CLANG_WARN_SUSPICIOUS_MOVE = YES;
				CLANG_WARN_UNGUARDED_AVAILABILITY = YES_AGGRESSIVE;
				CLANG_WARN_UNREACHABLE_CODE = YES;
				CLANG_WARN__DUPLICATE_METHOD_MATCH = YES;
				CODE_SIGN_IDENTITY = "iPhone Developer";
				COPY_PHASE_STRIP = NO;
				DEBUG_INFORMATION_FORMAT = "dwarf-with-dsym";
				ENABLE_NS_ASSERTIONS = NO;
				ENABLE_STRICT_OBJC_MSGSEND = YES;
				GCC_C_LANGUAGE_STANDARD = gnu11;
				GCC_NO_COMMON_BLOCKS = YES;
				GCC_WARN_64_TO_32_BIT_CONVERSION = YES;
				GCC_WARN_ABOUT_RETURN_TYPE = YES_ERROR;
				GCC_WARN_UNDECLARED_SELECTOR = YES;
				GCC_WARN_UNINITIALIZED_AUTOS = YES_AGGRESSIVE;
				GCC_WARN_UNUSED_FUNCTION = YES;
				GCC_WARN_UNUSED_VARIABLE = YES;
				IPHONEOS_DEPLOYMENT_TARGET = 11.2;
				MTL_ENABLE_DEBUG_INFO = NO;
				SDKROOT = iphoneos;
				SWIFT_OPTIMIZATION_LEVEL = "-Owholemodule";
				VALIDATE_PRODUCT = YES;
			};
			name = Release;
		};
		C6C5AF9720AD7E7B00FF72F6 /* Debug */ = {
			isa = XCBuildConfiguration;
			buildSettings = {
				ASSETCATALOG_COMPILER_APPICON_NAME = AppIcon;
				CODE_SIGN_STYLE = Automatic;
				INFOPLIST_FILE = Ines_Vermeir_S2IT_werkstuk1/Info.plist;
				LD_RUNPATH_SEARCH_PATHS = "$(inherited) @executable_path/Frameworks";
				PRODUCT_BUNDLE_IDENTIFIER = "InesVermeir.Ines-Vermeir-S2IT-werkstuk1";
				PRODUCT_NAME = "$(TARGET_NAME)";
				SWIFT_VERSION = 4.0;
				TARGETED_DEVICE_FAMILY = "1,2";
			};
			name = Debug;
		};
		C6C5AF9820AD7E7B00FF72F6 /* Release */ = {
			isa = XCBuildConfiguration;
			buildSettings = {
				ASSETCATALOG_COMPILER_APPICON_NAME = AppIcon;
				CODE_SIGN_STYLE = Automatic;
				INFOPLIST_FILE = Ines_Vermeir_S2IT_werkstuk1/Info.plist;
				LD_RUNPATH_SEARCH_PATHS = "$(inherited) @executable_path/Frameworks";
				PRODUCT_BUNDLE_IDENTIFIER = "InesVermeir.Ines-Vermeir-S2IT-werkstuk1";
				PRODUCT_NAME = "$(TARGET_NAME)";
				SWIFT_VERSION = 4.0;
				TARGETED_DEVICE_FAMILY = "1,2";
			};
			name = Release;
		};
		C6C5AF9A20AD7E7B00FF72F6 /* Debug */ = {
			isa = XCBuildConfiguration;
			buildSettings = {
				ALWAYS_EMBED_SWIFT_STANDARD_LIBRARIES = YES;
				BUNDLE_LOADER = "$(TEST_HOST)";
				CODE_SIGN_STYLE = Automatic;
				INFOPLIST_FILE = Ines_Vermeir_S2IT_werkstuk1Tests/Info.plist;
				LD_RUNPATH_SEARCH_PATHS = "$(inherited) @executable_path/Frameworks @loader_path/Frameworks";
				PRODUCT_BUNDLE_IDENTIFIER = "InesVermeir.Ines-Vermeir-S2IT-werkstuk1Tests";
				PRODUCT_NAME = "$(TARGET_NAME)";
				SWIFT_VERSION = 4.0;
				TARGETED_DEVICE_FAMILY = "1,2";
				TEST_HOST = "$(BUILT_PRODUCTS_DIR)/Ines_Vermeir_S2IT_werkstuk1.app/Ines_Vermeir_S2IT_werkstuk1";
			};
			name = Debug;
		};
		C6C5AF9B20AD7E7B00FF72F6 /* Release */ = {
			isa = XCBuildConfiguration;
			buildSettings = {
				ALWAYS_EMBED_SWIFT_STANDARD_LIBRARIES = YES;
				BUNDLE_LOADER = "$(TEST_HOST)";
				CODE_SIGN_STYLE = Automatic;
				INFOPLIST_FILE = Ines_Vermeir_S2IT_werkstuk1Tests/Info.plist;
				LD_RUNPATH_SEARCH_PATHS = "$(inherited) @executable_path/Frameworks @loader_path/Frameworks";
				PRODUCT_BUNDLE_IDENTIFIER = "InesVermeir.Ines-Vermeir-S2IT-werkstuk1Tests";
				PRODUCT_NAME = "$(TARGET_NAME)";
				SWIFT_VERSION = 4.0;
				TARGETED_DEVICE_FAMILY = "1,2";
				TEST_HOST = "$(BUILT_PRODUCTS_DIR)/Ines_Vermeir_S2IT_werkstuk1.app/Ines_Vermeir_S2IT_werkstuk1";
			};
			name = Release;
		};
		C6C5AF9D20AD7E7B00FF72F6 /* Debug */ = {
			isa = XCBuildConfiguration;
			buildSettings = {
				ALWAYS_EMBED_SWIFT_STANDARD_LIBRARIES = YES;
				CODE_SIGN_STYLE = Automatic;
				INFOPLIST_FILE = Ines_Vermeir_S2IT_werkstuk1UITests/Info.plist;
				LD_RUNPATH_SEARCH_PATHS = "$(inherited) @executable_path/Frameworks @loader_path/Frameworks";
				PRODUCT_BUNDLE_IDENTIFIER = "InesVermeir.Ines-Vermeir-S2IT-werkstuk1UITests";
				PRODUCT_NAME = "$(TARGET_NAME)";
				SWIFT_VERSION = 4.0;
				TARGETED_DEVICE_FAMILY = "1,2";
				TEST_TARGET_NAME = Ines_Vermeir_S2IT_werkstuk1;
			};
			name = Debug;
		};
		C6C5AF9E20AD7E7B00FF72F6 /* Release */ = {
			isa = XCBuildConfiguration;
			buildSettings = {
				ALWAYS_EMBED_SWIFT_STANDARD_LIBRARIES = YES;
				CODE_SIGN_STYLE = Automatic;
				INFOPLIST_FILE = Ines_Vermeir_S2IT_werkstuk1UITests/Info.plist;
				LD_RUNPATH_SEARCH_PATHS = "$(inherited) @executable_path/Frameworks @loader_path/Frameworks";
				PRODUCT_BUNDLE_IDENTIFIER = "InesVermeir.Ines-Vermeir-S2IT-werkstuk1UITests";
				PRODUCT_NAME = "$(TARGET_NAME)";
				SWIFT_VERSION = 4.0;
				TARGETED_DEVICE_FAMILY = "1,2";
				TEST_TARGET_NAME = Ines_Vermeir_S2IT_werkstuk1;
			};
			name = Release;
		};
/* End XCBuildConfiguration section */

/* Begin XCConfigurationList section */
		C6C5AF6620AD7E7B00FF72F6 /* Build configuration list for PBXProject "Ines_Vermeir_S2IT_werkstuk1" */ = {
			isa = XCConfigurationList;
			buildConfigurations = (
				C6C5AF9420AD7E7B00FF72F6 /* Debug */,
				C6C5AF9520AD7E7B00FF72F6 /* Release */,
			);
			defaultConfigurationIsVisible = 0;
			defaultConfigurationName = Release;
		};
		C6C5AF9620AD7E7B00FF72F6 /* Build configuration list for PBXNativeTarget "Ines_Vermeir_S2IT_werkstuk1" */ = {
			isa = XCConfigurationList;
			buildConfigurations = (
				C6C5AF9720AD7E7B00FF72F6 /* Debug */,
				C6C5AF9820AD7E7B00FF72F6 /* Release */,
			);
			defaultConfigurationIsVisible = 0;
			defaultConfigurationName = Release;
		};
		C6C5AF9920AD7E7B00FF72F6 /* Build configuration list for PBXNativeTarget "Ines_Vermeir_S2IT_werkstuk1Tests" */ = {
			isa = XCConfigurationList;
			buildConfigurations = (
				C6C5AF9A20AD7E7B00FF72F6 /* Debug */,
				C6C5AF9B20AD7E7B00FF72F6 /* Release */,
			);
			defaultConfigurationIsVisible = 0;
			defaultConfigurationName = Release;
		};
		C6C5AF9C20AD7E7B00FF72F6 /* Build configuration list for PBXNativeTarget "Ines_Vermeir_S2IT_werkstuk1UITests" */ = {
			isa = XCConfigurationList;
			buildConfigurations = (
				C6C5AF9D20AD7E7B00FF72F6 /* Debug */,
				C6C5AF9E20AD7E7B00FF72F6 /* Release */,
			);
			defaultConfigurationIsVisible = 0;
			defaultConfigurationName = Release;
		};
/* End XCConfigurationList section */

/* Begin XCVersionGroup section */
		C6C5AF7520AD7E7B00FF72F6 /* Ines_Vermeir_S2IT_werkstuk1.xcdatamodeld */ = {
			isa = XCVersionGroup;
			children = (
				C6C5AF7620AD7E7B00FF72F6 /* Ines_Vermeir_S2IT_werkstuk1.xcdatamodel */,
			);
			currentVersion = C6C5AF7620AD7E7B00FF72F6 /* Ines_Vermeir_S2IT_werkstuk1.xcdatamodel */;
			path = Ines_Vermeir_S2IT_werkstuk1.xcdatamodeld;
			sourceTree = "<group>";
			versionGroupType = wrapper.xcdatamodel;
		};
/* End XCVersionGroup section */
	};
	rootObject = C6C5AF6320AD7E7B00FF72F6 /* Project object */;
}
